
Microsoft Visual Studio Solution File, Format Version 12.00
# Visual Studio Version 16
VisualStudioVersion = 16.0.29215.179
MinimumVisualStudioVersion = 10.0.40219.1
Project("{FAE04EC0-301F-11D3-BF4B-00C04F79EFBC}") = "17. Letter Combinations of a Phone Number", "17. Letter Combinations of a Phone Number\17. Letter Combinations of a Phone Number.csproj", "{80FD9BE7-F9AD-4348-8EFE-BD280DBB6488}"
EndProject
Global
	GlobalSection(SolutionConfigurationPlatforms) = preSolution
		Debug|Any CPU = Debug|Any CPU
		Release|Any CPU = Release|Any CPU
	EndGlobalSection
	GlobalSection(ProjectConfigurationPlatforms) = postSolution
		{80FD9BE7-F9AD-4348-8EFE-BD280DBB6488}.Debug|Any CPU.ActiveCfg = Debug|Any CPU
		{80FD9BE7-F9AD-4348-8EFE-BD280DBB6488}.Debug|Any CPU.Build.0 = Debug|Any CPU
		{80FD9BE7-F9AD-4348-8EFE-BD280DBB6488}.Release|Any CPU.ActiveCfg = Release|Any CPU
		{80FD9BE7-F9AD-4348-8EFE-BD280DBB6488}.Release|Any CPU.Build.0 = Release|Any CPU
	EndGlobalSection
	GlobalSection(SolutionProperties) = preSolution
		HideSolutionNode = FALSE
	EndGlobalSection
	GlobalSection(ExtensibilityGlobals) = postSolution
		SolutionGuid = {069988B4-7548-442A-A2D3-A75C10288F63}
	EndGlobalSection
EndGlobal
