
Microsoft Visual Studio Solution File, Format Version 12.00
# Visual Studio Version 16
VisualStudioVersion = 16.0.31515.178
MinimumVisualStudioVersion = 10.0.40219.1
Project("{FAE04EC0-301F-11D3-BF4B-00C04F79EFBC}") = "Heap_Operations", "Heap_Operations\Heap_Operations.csproj", "{9DA246AE-375D-4E62-9BFE-5A007744E634}"
EndProject
Global
	GlobalSection(SolutionConfigurationPlatforms) = preSolution
		Debug|Any CPU = Debug|Any CPU
		Release|Any CPU = Release|Any CPU
	EndGlobalSection
	GlobalSection(ProjectConfigurationPlatforms) = postSolution
		{9DA246AE-375D-4E62-9BFE-5A007744E634}.Debug|Any CPU.ActiveCfg = Debug|Any CPU
		{9DA246AE-375D-4E62-9BFE-5A007744E634}.Debug|Any CPU.Build.0 = Debug|Any CPU
		{9DA246AE-375D-4E62-9BFE-5A007744E634}.Release|Any CPU.ActiveCfg = Release|Any CPU
		{9DA246AE-375D-4E62-9BFE-5A007744E634}.Release|Any CPU.Build.0 = Release|Any CPU
	EndGlobalSection
	GlobalSection(SolutionProperties) = preSolution
		HideSolutionNode = FALSE
	EndGlobalSection
	GlobalSection(ExtensibilityGlobals) = postSolution
		SolutionGuid = {AC9D5BE9-7833-47F9-A9DA-0FE3AB2C859B}
	EndGlobalSection
EndGlobal
