
Microsoft Visual Studio Solution File, Format Version 12.00
# Visual Studio Version 16
VisualStudioVersion = 16.0.29215.179
MinimumVisualStudioVersion = 10.0.40219.1
Project("{FAE04EC0-301F-11D3-BF4B-00C04F79EFBC}") = "Heap", "Heap\Heap.csproj", "{DDD52C99-30C8-4893-9559-23E0B4AC878B}"
EndProject
Global
	GlobalSection(SolutionConfigurationPlatforms) = preSolution
		Debug|Any CPU = Debug|Any CPU
		Release|Any CPU = Release|Any CPU
	EndGlobalSection
	GlobalSection(ProjectConfigurationPlatforms) = postSolution
		{DDD52C99-30C8-4893-9559-23E0B4AC878B}.Debug|Any CPU.ActiveCfg = Debug|Any CPU
		{DDD52C99-30C8-4893-9559-23E0B4AC878B}.Debug|Any CPU.Build.0 = Debug|Any CPU
		{DDD52C99-30C8-4893-9559-23E0B4AC878B}.Release|Any CPU.ActiveCfg = Release|Any CPU
		{DDD52C99-30C8-4893-9559-23E0B4AC878B}.Release|Any CPU.Build.0 = Release|Any CPU
	EndGlobalSection
	GlobalSection(SolutionProperties) = preSolution
		HideSolutionNode = FALSE
	EndGlobalSection
	GlobalSection(ExtensibilityGlobals) = postSolution
		SolutionGuid = {B14FDC18-CB0F-45D5-B6EB-6999743C8C42}
	EndGlobalSection
EndGlobal
