
Microsoft Visual Studio Solution File, Format Version 12.00
# Visual Studio Version 16
VisualStudioVersion = 16.0.29001.49
MinimumVisualStudioVersion = 10.0.40219.1
Project("{FAE04EC0-301F-11D3-BF4B-00C04F79EFBC}") = "HackerRank-BeautifulNumber", "HackerRank-BeautifulNumber\HackerRank-BeautifulNumber.csproj", "{5ED27218-27CB-4CBC-A40E-3B916BE83DDD}"
EndProject
Global
	GlobalSection(SolutionConfigurationPlatforms) = preSolution
		Debug|Any CPU = Debug|Any CPU
		Release|Any CPU = Release|Any CPU
	EndGlobalSection
	GlobalSection(ProjectConfigurationPlatforms) = postSolution
		{5ED27218-27CB-4CBC-A40E-3B916BE83DDD}.Debug|Any CPU.ActiveCfg = Debug|Any CPU
		{5ED27218-27CB-4CBC-A40E-3B916BE83DDD}.Debug|Any CPU.Build.0 = Debug|Any CPU
		{5ED27218-27CB-4CBC-A40E-3B916BE83DDD}.Release|Any CPU.ActiveCfg = Release|Any CPU
		{5ED27218-27CB-4CBC-A40E-3B916BE83DDD}.Release|Any CPU.Build.0 = Release|Any CPU
	EndGlobalSection
	GlobalSection(SolutionProperties) = preSolution
		HideSolutionNode = FALSE
	EndGlobalSection
	GlobalSection(ExtensibilityGlobals) = postSolution
		SolutionGuid = {6F3C13C9-D8E7-4AE6-88BB-B1A39589DBDC}
	EndGlobalSection
EndGlobal
