
Microsoft Visual Studio Solution File, Format Version 12.00
# Visual Studio Version 16
VisualStudioVersion = 16.0.28803.202
MinimumVisualStudioVersion = 10.0.40219.1
Project("{FAE04EC0-301F-11D3-BF4B-00C04F79EFBC}") = "DFS_Graph_CSharp", "DFS_Graph_CSharp\DFS_Graph_CSharp.csproj", "{E1AFAE3D-AB98-4832-8C41-17B328E928EB}"
EndProject
Global
	GlobalSection(SolutionConfigurationPlatforms) = preSolution
		Debug|Any CPU = Debug|Any CPU
		Release|Any CPU = Release|Any CPU
	EndGlobalSection
	GlobalSection(ProjectConfigurationPlatforms) = postSolution
		{E1AFAE3D-AB98-4832-8C41-17B328E928EB}.Debug|Any CPU.ActiveCfg = Debug|Any CPU
		{E1AFAE3D-AB98-4832-8C41-17B328E928EB}.Debug|Any CPU.Build.0 = Debug|Any CPU
		{E1AFAE3D-AB98-4832-8C41-17B328E928EB}.Release|Any CPU.ActiveCfg = Release|Any CPU
		{E1AFAE3D-AB98-4832-8C41-17B328E928EB}.Release|Any CPU.Build.0 = Release|Any CPU
	EndGlobalSection
	GlobalSection(SolutionProperties) = preSolution
		HideSolutionNode = FALSE
	EndGlobalSection
	GlobalSection(ExtensibilityGlobals) = postSolution
		SolutionGuid = {48C20559-291D-464B-8218-1B0689F57069}
	EndGlobalSection
EndGlobal
