
Microsoft Visual Studio Solution File, Format Version 12.00
# Visual Studio Version 16
VisualStudioVersion = 16.0.29215.179
MinimumVisualStudioVersion = 10.0.40219.1
Project("{FAE04EC0-301F-11D3-BF4B-00C04F79EFBC}") = "1s_and_0s", "1s_and_0s\1s_and_0s.csproj", "{A418CADE-456C-4AC3-B28D-130A371408AA}"
EndProject
Global
	GlobalSection(SolutionConfigurationPlatforms) = preSolution
		Debug|Any CPU = Debug|Any CPU
		Release|Any CPU = Release|Any CPU
	EndGlobalSection
	GlobalSection(ProjectConfigurationPlatforms) = postSolution
		{A418CADE-456C-4AC3-B28D-130A371408AA}.Debug|Any CPU.ActiveCfg = Debug|Any CPU
		{A418CADE-456C-4AC3-B28D-130A371408AA}.Debug|Any CPU.Build.0 = Debug|Any CPU
		{A418CADE-456C-4AC3-B28D-130A371408AA}.Release|Any CPU.ActiveCfg = Release|Any CPU
		{A418CADE-456C-4AC3-B28D-130A371408AA}.Release|Any CPU.Build.0 = Release|Any CPU
	EndGlobalSection
	GlobalSection(SolutionProperties) = preSolution
		HideSolutionNode = FALSE
	EndGlobalSection
	GlobalSection(ExtensibilityGlobals) = postSolution
		SolutionGuid = {0676230D-1310-4C40-BAE2-D5A981CA36F4}
	EndGlobalSection
EndGlobal
