
Microsoft Visual Studio Solution File, Format Version 12.00
# Visual Studio Version 16
VisualStudioVersion = 16.0.29001.49
MinimumVisualStudioVersion = 10.0.40219.1
Project("{FAE04EC0-301F-11D3-BF4B-00C04F79EFBC}") = "RunLengthEncoding", "RunLengthEncoding\RunLengthEncoding.csproj", "{2572D96E-12EC-4A9A-95A7-4B0CBB476F01}"
EndProject
Global
	GlobalSection(SolutionConfigurationPlatforms) = preSolution
		Debug|Any CPU = Debug|Any CPU
		Release|Any CPU = Release|Any CPU
	EndGlobalSection
	GlobalSection(ProjectConfigurationPlatforms) = postSolution
		{2572D96E-12EC-4A9A-95A7-4B0CBB476F01}.Debug|Any CPU.ActiveCfg = Debug|Any CPU
		{2572D96E-12EC-4A9A-95A7-4B0CBB476F01}.Debug|Any CPU.Build.0 = Debug|Any CPU
		{2572D96E-12EC-4A9A-95A7-4B0CBB476F01}.Release|Any CPU.ActiveCfg = Release|Any CPU
		{2572D96E-12EC-4A9A-95A7-4B0CBB476F01}.Release|Any CPU.Build.0 = Release|Any CPU
	EndGlobalSection
	GlobalSection(SolutionProperties) = preSolution
		HideSolutionNode = FALSE
	EndGlobalSection
	GlobalSection(ExtensibilityGlobals) = postSolution
		SolutionGuid = {31969D92-24FD-43BE-9CE1-C0764743DC7F}
	EndGlobalSection
EndGlobal
