
Microsoft Visual Studio Solution File, Format Version 12.00
# Visual Studio Version 16
VisualStudioVersion = 16.0.29215.179
MinimumVisualStudioVersion = 10.0.40219.1
Project("{FAE04EC0-301F-11D3-BF4B-00C04F79EFBC}") = "SearchinSortedArray", "SearchinSortedArray\SearchinSortedArray.csproj", "{984AD1DE-716A-4E74-871C-AAFB173F254E}"
EndProject
Global
	GlobalSection(SolutionConfigurationPlatforms) = preSolution
		Debug|Any CPU = Debug|Any CPU
		Release|Any CPU = Release|Any CPU
	EndGlobalSection
	GlobalSection(ProjectConfigurationPlatforms) = postSolution
		{984AD1DE-716A-4E74-871C-AAFB173F254E}.Debug|Any CPU.ActiveCfg = Debug|Any CPU
		{984AD1DE-716A-4E74-871C-AAFB173F254E}.Debug|Any CPU.Build.0 = Debug|Any CPU
		{984AD1DE-716A-4E74-871C-AAFB173F254E}.Release|Any CPU.ActiveCfg = Release|Any CPU
		{984AD1DE-716A-4E74-871C-AAFB173F254E}.Release|Any CPU.Build.0 = Release|Any CPU
	EndGlobalSection
	GlobalSection(SolutionProperties) = preSolution
		HideSolutionNode = FALSE
	EndGlobalSection
	GlobalSection(ExtensibilityGlobals) = postSolution
		SolutionGuid = {2AA39E3D-91AE-4B67-95C2-7F4BDB5C3E89}
	EndGlobalSection
EndGlobal
