
Microsoft Visual Studio Solution File, Format Version 12.00
# Visual Studio Version 16
VisualStudioVersion = 16.0.31515.178
MinimumVisualStudioVersion = 10.0.40219.1
Project("{FAE04EC0-301F-11D3-BF4B-00C04F79EFBC}") = "LSTF", "LSTF\LSTF.csproj", "{49FDC947-70FE-4B29-9CD8-0266469FA1A6}"
EndProject
Global
	GlobalSection(SolutionConfigurationPlatforms) = preSolution
		Debug|Any CPU = Debug|Any CPU
		Release|Any CPU = Release|Any CPU
	EndGlobalSection
	GlobalSection(ProjectConfigurationPlatforms) = postSolution
		{49FDC947-70FE-4B29-9CD8-0266469FA1A6}.Debug|Any CPU.ActiveCfg = Debug|Any CPU
		{49FDC947-70FE-4B29-9CD8-0266469FA1A6}.Debug|Any CPU.Build.0 = Debug|Any CPU
		{49FDC947-70FE-4B29-9CD8-0266469FA1A6}.Release|Any CPU.ActiveCfg = Release|Any CPU
		{49FDC947-70FE-4B29-9CD8-0266469FA1A6}.Release|Any CPU.Build.0 = Release|Any CPU
	EndGlobalSection
	GlobalSection(SolutionProperties) = preSolution
		HideSolutionNode = FALSE
	EndGlobalSection
	GlobalSection(ExtensibilityGlobals) = postSolution
		SolutionGuid = {303FDA87-0575-4C24-A7D5-5AE01010FAFB}
	EndGlobalSection
EndGlobal
